{
  "version": "2",
  "remote": {
    "https://esm.sh/stable/react@18.2.0/esnext/react.mjs": "8477d1f643b153873958c52c85d876aa1cf000f17f8557bbce65e5a9ae21263a",
    "https://esm.sh/v131/*@codemirror/commands@6.2.4?target=esnext": "1043eac8f8cc1f4aaa0741845d213ab276d24bbec10c1767e832082db533411e",
    "https://esm.sh/v131/*@codemirror/language@6.9.0?target=esnext": "91b0209d8a937cf3200e63f867947e7e06de5fa3aac10d5bd3f05ce3402e0093",
    "https://esm.sh/v131/*@codemirror/state@6.2.1?target=esnext": "ce966c91407ad98deb60ac43aa9f60fac98b877792ac3990937978cb21dc6ef9",
    "https://esm.sh/v131/*@codemirror/view@6.16.0?target=esnext": "893e14a38c15743397964912f8c2801cea4a0ff3a2bf493655df71af51229a70",
    "https://esm.sh/v131/*@lezer/common@1.0.4?target=esnext": "9e01f978ceda7b5cb14b6eb33cf59a82230679df369a994085f0cdcdf4d21a17",
    "https://esm.sh/v131/*@lezer/highlight@1.1.6?target=esnext": "02e44f0d2bdd36bce3141e171d173f79c7752b4f801979e1d2d715e4d4742cd2",
    "https://esm.sh/v131/*@lezer/lr@1.3.10?target=esnext": "bed415cc92666806e9bc7250196f6d0c54bb394e99f97e138f7c52ce9439d03c",
    "https://esm.sh/v131/*@primer/octicons-react@19.5.0?target=esnext": "d1d895611817fc42dcb64a7e3cacd7c2a43b63a5bbc44c9ba337bdab099c5e08",
    "https://esm.sh/v131/*@remix-run/router@1.8.0?target=esnext": "104a1131786a8799ab8aeff9554ad2e1917d2560fb2ff00577aaa0c589b326ae",
    "https://esm.sh/v131/*react-dom@18.2.0&target=esnext/client": "f106d080c50b00a15c035648061161975857124dda4cd75dd66037e88a009e95",
    "https://esm.sh/v131/*react-dom@18.2.0?target=esnext": "f83041774f210674522ec97d10c2e6450dc3d76b2c70f056c90ddb03388ca700",
    "https://esm.sh/v131/*react-router-dom@6.15.0?target=esnext": "66da51763eee7d8d147f3efece943ce1ca81c00d33a39797a777b2cf8a55f0ae",
    "https://esm.sh/v131/*react-router@6.15.0?target=esnext": "161493db779067adca61faeff0c468d60cff70a126f0916403248f64bdae0a01",
    "https://esm.sh/v131/*react-storage-hooks@4.0.1?target=esnext": "aa9da815e9da32b578bdda8daa04f8c6e498a02cd8233b76000bbe189a5ff4cb",
    "https://esm.sh/v131/*react@18.2.0?target=esnext": "f082d59fe37237a03121ed55571caf350ddae35016da28de46e5c188af95de4a",
    "https://esm.sh/v131/*scheduler@0.23.0?target=esnext": "c467c9fe10331855827fd838e0d20a6c0ae246d30c20a47a4fe73fc63a8dbb6e",
    "https://esm.sh/v131/*style-mod@4.0.3?target=esnext": "3eeb5bd418b90ed54e5a09b59bee38e4f512b362faffd6440d830d63c6604704",
    "https://esm.sh/v131/*use-isomorphic-layout-effect@1.1.2?target=esnext": "99f9fde13923f9a373160c5f67e341e2bf21526fbae77c6d1679f217f16503af",
    "https://esm.sh/v131/*use-latest@1.2.1?target=esnext": "bc235831b90b9f48b48ee38e94d344b0f4f05d61084639b8e7e9c672b8f7b5b3",
    "https://esm.sh/v131/*w3c-keyname@2.2.8?target=esnext": "4c2087b3a1d161ff822693ccd819344582dec265968800bbe454fbbf0f3deab4",
    "https://esm.sh/v131/@codemirror/commands@6.2.4/X-ZS8q/esnext/commands.mjs": "cfe373d911bce0424350294317467bacdf5180157e4801eca080bb6dbf0f6660",
    "https://esm.sh/v131/@codemirror/language@6.9.0/X-ZS8q/esnext/language.mjs": "290b5132863bf2577692cb7797b559f7c2ac4630ef1deec383f677eadd24549e",
    "https://esm.sh/v131/@codemirror/state@6.2.1/X-ZS8q/esnext/state.mjs": "9b337f42290a03cf8eba17ef39e03c4356ca90c686bb968ceaf043bc3057038d",
    "https://esm.sh/v131/@codemirror/view@6.16.0/X-ZS8q/esnext/view.mjs": "d2bb799385d11d3cb9221c7cfb1ac32d09a4c66135631375189383ee5bd79236",
    "https://esm.sh/v131/@lezer/common@1.0.4/X-ZS8q/esnext/common.mjs": "b7df5858dc586820f917b54dc226acf9cd529c26ca71cf26d7770c6c59405bb0",
    "https://esm.sh/v131/@lezer/highlight@1.1.6/X-ZS8q/esnext/highlight.mjs": "7242c4bcc3198bfc2699d9ed02eaac8904ef6cb57c6f07696df0950d86bc91df",
    "https://esm.sh/v131/@lezer/lr@1.3.10/X-ZS8q/esnext/lr.mjs": "5c2d1bd889fa20a506ec2e9fac24244f836a152cc0f86718a8b427100dd6088c",
    "https://esm.sh/v131/@primer/octicons-react@19.5.0/X-ZS8q/esnext/octicons-react.mjs": "c9e2802cd4d8b12bc192e91015e01849b910a33961baa6180afbd09e674a901c",
    "https://esm.sh/v131/@remix-run/router@1.8.0/X-ZS8q/esnext/router.mjs": "333b25b9d6105e8a7ec52da635700c0b06308a3f9a98e79a7a9c246dd0a4972e",
    "https://esm.sh/v131/node_events.js": "507b1d9405b8384264d683e0508416c4be85498e65d32d0fcf64d6d353a30151",
    "https://esm.sh/v131/node_process.js": "138682d1c2af338932526443b7513103b898a9460d3e461ee315d3a68060342a",
    "https://esm.sh/v131/react-dom@18.2.0/X-ZS8q/esnext/client.js": "6176461690d184384ea5455858217c1466c63583aa5774461e58b00b8413ea2e",
    "https://esm.sh/v131/react-dom@18.2.0/X-ZS8q/esnext/react-dom.mjs": "fbd329ced36d54d2dcc107d68db309e4aba2d3f68b7870e4b4fb3ae0c2f91177",
    "https://esm.sh/v131/react-router-dom@6.15.0/X-ZS8q/esnext/react-router-dom.mjs": "82b6a31002656fa9f2bf2107b6fbc3b9f1515e39e0f77c938220734aeec9b60a",
    "https://esm.sh/v131/react-router@6.15.0/X-ZS8q/esnext/react-router.mjs": "966d438a2710480d5c114e2ff5f23eefb56ce09734aa29e312b62f95aecaca0a",
    "https://esm.sh/v131/react-storage-hooks@4.0.1/X-ZS8q/esnext/react-storage-hooks.mjs": "4144d9209299f6429c4072f77c1cdf9ffa6f4f2b6032dc8532613320fbe65044",
    "https://esm.sh/v131/scheduler@0.23.0/X-ZS8q/esnext/scheduler.mjs": "55a646df4898a5eabbe836eb5465460130e40d40a11513b5e8d2a09c46ce04c4",
    "https://esm.sh/v131/style-mod@4.0.3/X-ZS8q/esnext/style-mod.mjs": "ca46da784f1633eff230f236ddf285d1d0a107960cc553f117bf59ba7c43b435",
    "https://esm.sh/v131/use-isomorphic-layout-effect@1.1.2/X-ZS8q/esnext/use-isomorphic-layout-effect.mjs": "dceb94c873ec7167e10b281bd4d5181bc371ed324d8fad3e57ee197c5c0f15fe",
    "https://esm.sh/v131/use-latest@1.2.1/X-ZS8q/esnext/use-latest.mjs": "0eb6af483a062acc2827bfa13b711c9700eb4aa9f676f2653a387ed0df41e400",
    "https://esm.sh/v131/w3c-keyname@2.2.8/X-ZS8q/esnext/w3c-keyname.mjs": "5a011ee0cff51e84d1883ef8913794e079d55d3140b092eb01c3b7778ab98f7a"
  },
  "npm": {
    "specifiers": {
      "@webassemblyjs/floating-point-hex-parser@1.11.6": "@webassemblyjs/floating-point-hex-parser@1.11.6",
      "clsx@2.0.0": "clsx@2.0.0"
    },
    "packages": {
      "@webassemblyjs/floating-point-hex-parser@1.11.6": {
        "integrity": "sha512-ejAj9hfRJ2XMsNHk/v6Fu2dGS+i4UaXBXGemOfQ/JfQ6mdQg/WXtwleQRLLS4OvfDhv8rYnVwH27YJLMyYsxhw==",
        "dependencies": {}
      },
      "clsx@2.0.0": {
        "integrity": "sha512-rQ1+kcj+ttHG0MKVGBUXwayCCF1oh39BF5COIpRzuCEv8Mwjv0XucrI2ExNTOn9IlLifGClWQcU9BrZORvtw6Q==",
        "dependencies": {}
      }
    }
  }
}
