{
  "version": "5",
  "specifiers": {
    "jsr:@std/assert@1": "1.0.14",
    "npm:@codemirror/commands@6.8.1": "6.8.1",
    "npm:@codemirror/state@6.5.2": "6.5.2",
    "npm:@codemirror/view@6.38.2": "6.38.2",
    "npm:@primer/octicons-react@19.18.0": "19.18.0_react@19.1.1",
    "npm:@types/react-dom@19": "19.1.9_@types+react@19.1.13",
    "npm:@types/react@19": "19.1.13",
    "npm:@webassemblyjs/floating-point-hex-parser@1.14.1": "1.14.1",
    "npm:clsx@2.1.1": "2.1.1",
    "npm:react-dom@19.1.1": "19.1.1_react@19.1.1",
    "npm:react-router@7.9.1": "7.9.1_react@19.1.1_react-dom@19.1.1__react@19.1.1",
    "npm:react@19.1.1": "19.1.1",
    "npm:use-latest@1.3.0": "1.3.0_react@19.1.1"
  },
  "jsr": {
    "@std/assert@1.0.14": {
      "integrity": "68d0d4a43b365abc927f45a9b85c639ea18a9fab96ad92281e493e4ed84abaa4"
    }
  },
  "npm": {
    "@codemirror/commands@6.8.1": {
      "integrity": "sha512-KlGVYufHMQzxbdQONiLyGQDUW0itrLZwq3CcY7xpv9ZLRHqzkBSoteocBHtMCoY7/Ci4xhzSrToIeLg7FxHuaw==",
      "dependencies": [
        "@codemirror/language",
        "@codemirror/state",
        "@codemirror/view",
        "@lezer/common"
      ]
    },
    "@codemirror/language@6.11.3": {
      "integrity": "sha512-9HBM2XnwDj7fnu0551HkGdrUrrqmYq/WC5iv6nbY2WdicXdGbhR/gfbZOH73Aqj4351alY1+aoG9rCNfiwS1RA==",
      "dependencies": [
        "@codemirror/state",
        "@codemirror/view",
        "@lezer/common",
        "@lezer/highlight",
        "@lezer/lr",
        "style-mod"
      ]
    },
    "@codemirror/state@6.5.2": {
      "integrity": "sha512-FVqsPqtPWKVVL3dPSxy8wEF/ymIEuVzF1PK3VbUgrxXpJUSHQWWZz4JMToquRxnkw+36LTamCZG2iua2Ptq0fA==",
      "dependencies": [
        "@marijn/find-cluster-break"
      ]
    },
    "@codemirror/view@6.38.2": {
      "integrity": "sha512-bTWAJxL6EOFLPzTx+O5P5xAO3gTqpatQ2b/ARQ8itfU/v2LlpS3pH2fkL0A3E/Fx8Y2St2KES7ZEV0sHTsSW/A==",
      "dependencies": [
        "@codemirror/state",
        "crelt",
        "style-mod",
        "w3c-keyname"
      ]
    },
    "@lezer/common@1.2.3": {
      "integrity": "sha512-w7ojc8ejBqr2REPsWxJjrMFsA/ysDCFICn8zEOR9mrqzOu2amhITYuLD8ag6XZf0CFXDrhKqw7+tW8cX66NaDA=="
    },
    "@lezer/highlight@1.2.1": {
      "integrity": "sha512-Z5duk4RN/3zuVO7Jq0pGLJ3qynpxUVsh7IbUbGj88+uV2ApSAn6kWg2au3iJb+0Zi7kKtqffIESgNcRXWZWmSA==",
      "dependencies": [
        "@lezer/common"
      ]
    },
    "@lezer/lr@1.4.2": {
      "integrity": "sha512-pu0K1jCIdnQ12aWNaAVU5bzi7Bd1w54J3ECgANPmYLtQKP0HBj2cE/5coBD66MT10xbtIuUr7tg0Shbsvk0mDA==",
      "dependencies": [
        "@lezer/common"
      ]
    },
    "@marijn/find-cluster-break@1.0.2": {
      "integrity": "sha512-l0h88YhZFyKdXIFNfSWpyjStDjGHwZ/U7iobcK1cQQD8sejsONdQtTVU+1wVN1PBw40PiiHB1vA5S7VTfQiP9g=="
    },
    "@primer/octicons-react@19.18.0_react@19.1.1": {
      "integrity": "sha512-nLFlLmWfz3McbTiOUKVO+iwB15ALYQC9rHeP8K3qM1pyJ8svGaPjGR72BQSEM8ThyQUUodq/Re1n94tO5NNhzQ==",
      "dependencies": [
        "react"
      ]
    },
    "@types/react-dom@19.1.9_@types+react@19.1.13": {
      "integrity": "sha512-qXRuZaOsAdXKFyOhRBg6Lqqc0yay13vN7KrIg4L7N4aaHN68ma9OK3NE1BoDFgFOTfM7zg+3/8+2n8rLUH3OKQ==",
      "dependencies": [
        "@types/react"
      ]
    },
    "@types/react@19.1.13": {
      "integrity": "sha512-hHkbU/eoO3EG5/MZkuFSKmYqPbSVk5byPFa3e7y/8TybHiLMACgI8seVYlicwk7H5K/rI2px9xrQp/C+AUDTiQ==",
      "dependencies": [
        "csstype"
      ]
    },
    "@webassemblyjs/floating-point-hex-parser@1.14.1": {
      "integrity": "sha512-/UCkJbBDOI/JA30YP/jFxZ+GH9A8DzVXKq0K/FWCXaEF6Idt0ziduhtah8ShbvijvUmXzD3/fFGXVw2vkrHl/w=="
    },
    "clsx@2.1.1": {
      "integrity": "sha512-eYm0QWBtUrBWZWG0d386OGAw16Z995PiOVo2B7bjWSbHedGl5e0ZWaq65kOGgUSNesEIDkB9ISbTg/JK9dhCZA=="
    },
    "cookie@1.0.2": {
      "integrity": "sha512-9Kr/j4O16ISv8zBBhJoi4bXOYNTkFLOqSL3UDB0njXxCXNezjeyVrJyGOWtgfs/q2km1gwBcfH8q1yEGoMYunA=="
    },
    "crelt@1.0.6": {
      "integrity": "sha512-VQ2MBenTq1fWZUH9DJNGti7kKv6EeAuYr3cLwxUWhIu1baTaXh4Ib5W2CqHVqib4/MqbYGJqiL3Zb8GJZr3l4g=="
    },
    "csstype@3.1.3": {
      "integrity": "sha512-M1uQkMl8rQK/szD0LNhtqxIPLpimGm8sOBwU7lLnCpSbTyY3yeU1Vc7l4KT5zT4s/yOxHH5O7tIuuLOCnLADRw=="
    },
    "react-dom@19.1.1_react@19.1.1": {
      "integrity": "sha512-Dlq/5LAZgF0Gaz6yiqZCf6VCcZs1ghAJyrsu84Q/GT0gV+mCxbfmKNoGRKBYMJ8IEdGPqu49YWXD02GCknEDkw==",
      "dependencies": [
        "react",
        "scheduler"
      ]
    },
    "react-router@7.9.1_react@19.1.1_react-dom@19.1.1__react@19.1.1": {
      "integrity": "sha512-pfAByjcTpX55mqSDGwGnY9vDCpxqBLASg0BMNAuMmpSGESo/TaOUG6BllhAtAkCGx8Rnohik/XtaqiYUJtgW2g==",
      "dependencies": [
        "cookie",
        "react",
        "react-dom",
        "set-cookie-parser"
      ],
      "optionalPeers": [
        "react-dom"
      ]
    },
    "react@19.1.1": {
      "integrity": "sha512-w8nqGImo45dmMIfljjMwOGtbmC/mk4CMYhWIicdSflH91J9TyCyczcPFXJzrZ/ZXcgGRFeP6BU0BEJTw6tZdfQ=="
    },
    "scheduler@0.26.0": {
      "integrity": "sha512-NlHwttCI/l5gCPR3D1nNXtWABUmBwvZpEQiD4IXSbIDq8BzLIK/7Ir5gTFSGZDUu37K5cMNp0hFtzO38sC7gWA=="
    },
    "set-cookie-parser@2.7.1": {
      "integrity": "sha512-IOc8uWeOZgnb3ptbCURJWNjWUPcO3ZnTTdzsurqERrP6nPyv+paC55vJM0LpOlT2ne+Ix+9+CRG1MNLlyZ4GjQ=="
    },
    "style-mod@4.1.2": {
      "integrity": "sha512-wnD1HyVqpJUI2+eKZ+eo1UwghftP6yuFheBqqe+bWCotBjC2K1YnteJILRMs3SM4V/0dLEW1SC27MWP5y+mwmw=="
    },
    "use-isomorphic-layout-effect@1.2.1_react@19.1.1": {
      "integrity": "sha512-tpZZ+EX0gaghDAiFR37hj5MgY6ZN55kLiPkJsKxBMZ6GZdOSPJXiOzPM984oPYZ5AnehYx5WQp1+ME8I/P/pRA==",
      "dependencies": [
        "react"
      ]
    },
    "use-latest@1.3.0_react@19.1.1": {
      "integrity": "sha512-mhg3xdm9NaM8q+gLT8KryJPnRFOz1/5XPBhmDEVZK1webPzDjrPk7f/mbpeLqTgB9msytYWANxgALOCJKnLvcQ==",
      "dependencies": [
        "react",
        "use-isomorphic-layout-effect"
      ]
    },
    "w3c-keyname@2.2.8": {
      "integrity": "sha512-dpojBhNsCNN7T82Tm7k26A6G9ML3NkhDsnw9n/eoxSRlVBB4CEtIQ/KTCLI2Fwf3ataSXRhYFkQi3SlnFwPvPQ=="
    }
  },
  "workspace": {
    "dependencies": [
      "jsr:@std/assert@1",
      "npm:@codemirror/commands@6.8.1",
      "npm:@codemirror/state@6.5.2",
      "npm:@codemirror/view@6.38.2",
      "npm:@primer/octicons-react@19.18.0",
      "npm:@types/react-dom@19",
      "npm:@types/react@19",
      "npm:clsx@2.1.1",
      "npm:react-dom@19.1.1",
      "npm:react-router@7.9.1",
      "npm:react@19.1.1"
    ]
  }
}
